// !$*UTF8*$!
{
	archiveVersion = 1;
	classes = {
	};
	objectVersion = 51;
	objects = {

/* Begin PBXBuildFile section */
		8452ED7B212A270E7ACE2D20 /* Pods_Youth_Bishopric_Radio.framework in Frameworks */ = {isa = PBXBuildFile; fileRef = 75640FF097F17A9E1D3792BD /* Pods_Youth_Bishopric_Radio.framework */; };
		DD61C84426CBFBCA00FCF232 /* SSBadgeButton.swift in Sources */ = {isa = PBXBuildFile; fileRef = DD61C84326CBFBCA00FCF232 /* SSBadgeButton.swift */; };
		DD8FB5C026C9559100128115 /* WavedProgressView.swift in Sources */ = {isa = PBXBuildFile; fileRef = DD8FB5BF26C9559100128115 /* WavedProgressView.swift */; };
		DD8FB5C326C96A4600128115 /* CommentTableViewCell.swift in Sources */ = {isa = PBXBuildFile; fileRef = DD8FB5C126C96A4600128115 /* CommentTableViewCell.swift */; };
		DD8FB5C426C96A4600128115 /* CommentTableViewCell.xib in Resources */ = {isa = PBXBuildFile; fileRef = DD8FB5C226C96A4600128115 /* CommentTableViewCell.xib */; };
		DD8FB5C626C9725900128115 /* Comment.swift in Sources */ = {isa = PBXBuildFile; fileRef = DD8FB5C526C9725900128115 /* Comment.swift */; };
		DD8FB5C826C9760800128115 /* Network.swift in Sources */ = {isa = PBXBuildFile; fileRef = DD8FB5C726C9760800128115 /* Network.swift */; };
		DDEB9E5826C9237600A24966 /* AppDelegate.swift in Sources */ = {isa = PBXBuildFile; fileRef = DDEB9E5726C9237600A24966 /* AppDelegate.swift */; };
		DDEB9E5A26C9237600A24966 /* SceneDelegate.swift in Sources */ = {isa = PBXBuildFile; fileRef = DDEB9E5926C9237600A24966 /* SceneDelegate.swift */; };
		DDEB9E5C26C9237600A24966 /* ViewController.swift in Sources */ = {isa = PBXBuildFile; fileRef = DDEB9E5B26C9237600A24966 /* ViewController.swift */; };
		DDEB9E5F26C9237600A24966 /* Main.storyboard in Resources */ = {isa = PBXBuildFile; fileRef = DDEB9E5D26C9237600A24966 /* Main.storyboard */; };
		DDEB9E6226C9237600A24966 /* Youth_Bishopric_Radio.xcdatamodeld in Sources */ = {isa = PBXBuildFile; fileRef = DDEB9E6026C9237600A24966 /* Youth_Bishopric_Radio.xcdatamodeld */; };
		DDEB9E6426C9237700A24966 /* Assets.xcassets in Resources */ = {isa = PBXBuildFile; fileRef = DDEB9E6326C9237700A24966 /* Assets.xcassets */; };
		DDEB9E6726C9237700A24966 /* LaunchScreen.storyboard in Resources */ = {isa = PBXBuildFile; fileRef = DDEB9E6526C9237700A24966 /* LaunchScreen.storyboard */; };
/* End PBXBuildFile section */

/* Begin PBXFileReference section */
		34B7F421B4204F277F7C515B /* Pods-Youth Bishopric Radio.debug.xcconfig */ = {isa = PBXFileReference; includeInIndex = 1; lastKnownFileType = text.xcconfig; name = "Pods-Youth Bishopric Radio.debug.xcconfig"; path = "Target Support Files/Pods-Youth Bishopric Radio/Pods-Youth Bishopric Radio.debug.xcconfig"; sourceTree = "<group>"; };
		3518B6A9678F1ED06D7DD052 /* Pods-Youth Bishopric Radio.release.xcconfig */ = {isa = PBXFileReference; includeInIndex = 1; lastKnownFileType = text.xcconfig; name = "Pods-Youth Bishopric Radio.release.xcconfig"; path = "Target Support Files/Pods-Youth Bishopric Radio/Pods-Youth Bishopric Radio.release.xcconfig"; sourceTree = "<group>"; };
		75640FF097F17A9E1D3792BD /* Pods_Youth_Bishopric_Radio.framework */ = {isa = PBXFileReference; explicitFileType = wrapper.framework; includeInIndex = 0; path = Pods_Youth_Bishopric_Radio.framework; sourceTree = BUILT_PRODUCTS_DIR; };
		DD206DF826CD36D4005FFBDA /* Youth Bishopric Radio.entitlements */ = {isa = PBXFileReference; lastKnownFileType = text.plist.entitlements; path = "Youth Bishopric Radio.entitlements"; sourceTree = "<group>"; };
		DD61C84326CBFBCA00FCF232 /* SSBadgeButton.swift */ = {isa = PBXFileReference; lastKnownFileType = sourcecode.swift; path = SSBadgeButton.swift; sourceTree = "<group>"; };
		DD8FB5BF26C9559100128115 /* WavedProgressView.swift */ = {isa = PBXFileReference; lastKnownFileType = sourcecode.swift; path = WavedProgressView.swift; sourceTree = "<group>"; };
		DD8FB5C126C96A4600128115 /* CommentTableViewCell.swift */ = {isa = PBXFileReference; lastKnownFileType = sourcecode.swift; path = CommentTableViewCell.swift; sourceTree = "<group>"; };
		DD8FB5C226C96A4600128115 /* CommentTableViewCell.xib */ = {isa = PBXFileReference; lastKnownFileType = file.xib; path = CommentTableViewCell.xib; sourceTree = "<group>"; };
		DD8FB5C526C9725900128115 /* Comment.swift */ = {isa = PBXFileReference; lastKnownFileType = sourcecode.swift; path = Comment.swift; sourceTree = "<group>"; };
		DD8FB5C726C9760800128115 /* Network.swift */ = {isa = PBXFileReference; lastKnownFileType = sourcecode.swift; path = Network.swift; sourceTree = "<group>"; };
		DDEB9E5426C9237600A24966 /* Youth Bishopric Radio.app */ = {isa = PBXFileReference; explicitFileType = wrapper.application; includeInIndex = 0; path = "Youth Bishopric Radio.app"; sourceTree = BUILT_PRODUCTS_DIR; };
		DDEB9E5726C9237600A24966 /* AppDelegate.swift */ = {isa = PBXFileReference; lastKnownFileType = sourcecode.swift; path = AppDelegate.swift; sourceTree = "<group>"; };
		DDEB9E5926C9237600A24966 /* SceneDelegate.swift */ = {isa = PBXFileReference; lastKnownFileType = sourcecode.swift; path = SceneDelegate.swift; sourceTree = "<group>"; };
		DDEB9E5B26C9237600A24966 /* ViewController.swift */ = {isa = PBXFileReference; lastKnownFileType = sourcecode.swift; path = ViewController.swift; sourceTree = "<group>"; };
		DDEB9E5E26C9237600A24966 /* Base */ = {isa = PBXFileReference; lastKnownFileType = file.storyboard; name = Base; path = Base.lproj/Main.storyboard; sourceTree = "<group>"; };
		DDEB9E6126C9237600A24966 /* Youth_Bishopric_Radio.xcdatamodel */ = {isa = PBXFileReference; lastKnownFileType = wrapper.xcdatamodel; path = Youth_Bishopric_Radio.xcdatamodel; sourceTree = "<group>"; };
		DDEB9E6326C9237700A24966 /* Assets.xcassets */ = {isa = PBXFileReference; lastKnownFileType = folder.assetcatalog; path = Assets.xcassets; sourceTree = "<group>"; };
		DDEB9E6626C9237700A24966 /* Base */ = {isa = PBXFileReference; lastKnownFileType = file.storyboard; name = Base; path = Base.lproj/LaunchScreen.storyboard; sourceTree = "<group>"; };
		DDEB9E6826C9237700A24966 /* Info.plist */ = {isa = PBXFileReference; lastKnownFileType = text.plist.xml; path = Info.plist; sourceTree = "<group>"; };
/* End PBXFileReference section */

/* Begin PBXFrameworksBuildPhase section */
		DDEB9E5126C9237600A24966 /* Frameworks */ = {
			isa = PBXFrameworksBuildPhase;
			buildActionMask = 2147483647;
			files = (
				8452ED7B212A270E7ACE2D20 /* Pods_Youth_Bishopric_Radio.framework in Frameworks */,
			);
			runOnlyForDeploymentPostprocessing = 0;
		};
/* End PBXFrameworksBuildPhase section */

/* Begin PBXGroup section */
		1CACBD1F5768B19BD99C6581 /* Pods */ = {
			isa = PBXGroup;
			children = (
				34B7F421B4204F277F7C515B /* Pods-Youth Bishopric Radio.debug.xcconfig */,
				3518B6A9678F1ED06D7DD052 /* Pods-Youth Bishopric Radio.release.xcconfig */,
			);
			path = Pods;
			sourceTree = "<group>";
		};
		DDEB9E4B26C9237600A24966 = {
			isa = PBXGroup;
			children = (
				DDEB9E5626C9237600A24966 /* Youth Bishopric Radio */,
				DDEB9E5526C9237600A24966 /* Products */,
				1CACBD1F5768B19BD99C6581 /* Pods */,
				F282599D53337C6E94826E39 /* Frameworks */,
			);
			sourceTree = "<group>";
		};
		DDEB9E5526C9237600A24966 /* Products */ = {
			isa = PBXGroup;
			children = (
				DDEB9E5426C9237600A24966 /* Youth Bishopric Radio.app */,
			);
			name = Products;
			sourceTree = "<group>";
		};
		DDEB9E5626C9237600A24966 /* Youth Bishopric Radio */ = {
			isa = PBXGroup;
			children = (
				DD206DF826CD36D4005FFBDA /* Youth Bishopric Radio.entitlements */,
				DDEB9E5726C9237600A24966 /* AppDelegate.swift */,
				DDEB9E5926C9237600A24966 /* SceneDelegate.swift */,
				DDEB9E5B26C9237600A24966 /* ViewController.swift */,
				DDEB9E5D26C9237600A24966 /* Main.storyboard */,
				DDEB9E6326C9237700A24966 /* Assets.xcassets */,
				DDEB9E6526C9237700A24966 /* LaunchScreen.storyboard */,
				DDEB9E6826C9237700A24966 /* Info.plist */,
				DDEB9E6026C9237600A24966 /* Youth_Bishopric_Radio.xcdatamodeld */,
				DD8FB5BF26C9559100128115 /* WavedProgressView.swift */,
				DD8FB5C126C96A4600128115 /* CommentTableViewCell.swift */,
				DD8FB5C226C96A4600128115 /* CommentTableViewCell.xib */,
				DD8FB5C526C9725900128115 /* Comment.swift */,
				DD8FB5C726C9760800128115 /* Network.swift */,
				DD61C84326CBFBCA00FCF232 /* SSBadgeButton.swift */,
			);
			path = "Youth Bishopric Radio";
			sourceTree = "<group>";
		};
		F282599D53337C6E94826E39 /* Frameworks */ = {
			isa = PBXGroup;
			children = (
				75640FF097F17A9E1D3792BD /* Pods_Youth_Bishopric_Radio.framework */,
			);
			name = Frameworks;
			sourceTree = "<group>";
		};
/* End PBXGroup section */

/* Begin PBXNativeTarget section */
		DDEB9E5326C9237600A24966 /* Youth Bishopric Radio */ = {
			isa = PBXNativeTarget;
			buildConfigurationList = DDEB9E6B26C9237700A24966 /* Build configuration list for PBXNativeTarget "Youth Bishopric Radio" */;
			buildPhases = (
				A1FCB5B795AD206DF9B45539 /* [CP] Check Pods Manifest.lock */,
				DDEB9E5026C9237600A24966 /* Sources */,
				DDEB9E5126C9237600A24966 /* Frameworks */,
				DDEB9E5226C9237600A24966 /* Resources */,
				3560F5C9F019015FF377BBEB /* [CP] Embed Pods Frameworks */,
			);
			buildRules = (
			);
			dependencies = (
			);
			name = "Youth Bishopric Radio";
			productName = "Youth Bishopric Radio";
			productReference = DDEB9E5426C9237600A24966 /* Youth Bishopric Radio.app */;
			productType = "com.apple.product-type.application";
		};
/* End PBXNativeTarget section */

/* Begin PBXProject section */
		DDEB9E4C26C9237600A24966 /* Project object */ = {
			isa = PBXProject;
			attributes = {
				LastSwiftUpdateCheck = 1250;
				LastUpgradeCheck = 1250;
				TargetAttributes = {
					DDEB9E5326C9237600A24966 = {
						CreatedOnToolsVersion = 12.5;
					};
				};
			};
			buildConfigurationList = DDEB9E4F26C9237600A24966 /* Build configuration list for PBXProject "Youth Bishopric Radio" */;
			compatibilityVersion = "Xcode 9.3";
			developmentRegion = en;
			hasScannedForEncodings = 0;
			knownRegions = (
				en,
				Base,
			);
			mainGroup = DDEB9E4B26C9237600A24966;
			productRefGroup = DDEB9E5526C9237600A24966 /* Products */;
			projectDirPath = "";
			projectRoot = "";
			targets = (
				DDEB9E5326C9237600A24966 /* Youth Bishopric Radio */,
			);
		};
/* End PBXProject section */

/* Begin PBXResourcesBuildPhase section */
		DDEB9E5226C9237600A24966 /* Resources */ = {
			isa = PBXResourcesBuildPhase;
			buildActionMask = 2147483647;
			files = (
				DDEB9E6726C9237700A24966 /* LaunchScreen.storyboard in Resources */,
				DDEB9E6426C9237700A24966 /* Assets.xcassets in Resources */,
				DDEB9E5F26C9237600A24966 /* Main.storyboard in Resources */,
				DD8FB5C426C96A4600128115 /* CommentTableViewCell.xib in Resources */,
			);
			runOnlyForDeploymentPostprocessing = 0;
		};
/* End PBXResourcesBuildPhase section */

/* Begin PBXShellScriptBuildPhase section */
		3560F5C9F019015FF377BBEB /* [CP] Embed Pods Frameworks */ = {
			isa = PBXShellScriptBuildPhase;
			buildActionMask = 2147483647;
			files = (
			);
			inputFileListPaths = (
				"${PODS_ROOT}/Target Support Files/Pods-Youth Bishopric Radio/Pods-Youth Bishopric Radio-frameworks-${CONFIGURATION}-input-files.xcfilelist",
			);
			name = "[CP] Embed Pods Frameworks";
			outputFileListPaths = (
				"${PODS_ROOT}/Target Support Files/Pods-Youth Bishopric Radio/Pods-Youth Bishopric Radio-frameworks-${CONFIGURATION}-output-files.xcfilelist",
			);
			runOnlyForDeploymentPostprocessing = 0;
			shellPath = /bin/sh;
			shellScript = "\"${PODS_ROOT}/Target Support Files/Pods-Youth Bishopric Radio/Pods-Youth Bishopric Radio-frameworks.sh\"\n";
			showEnvVarsInLog = 0;
		};
		A1FCB5B795AD206DF9B45539 /* [CP] Check Pods Manifest.lock */ = {
			isa = PBXShellScriptBuildPhase;
			buildActionMask = 2147483647;
			files = (
			);
			inputFileListPaths = (
			);
			inputPaths = (
				"${PODS_PODFILE_DIR_PATH}/Podfile.lock",
				"${PODS_ROOT}/Manifest.lock",
			);
			name = "[CP] Check Pods Manifest.lock";
			outputFileListPaths = (
			);
			outputPaths = (
				"$(DERIVED_FILE_DIR)/Pods-Youth Bishopric Radio-checkManifestLockResult.txt",
			);
			runOnlyForDeploymentPostprocessing = 0;
			shellPath = /bin/sh;
			shellScript = "diff \"${PODS_PODFILE_DIR_PATH}/Podfile.lock\" \"${PODS_ROOT}/Manifest.lock\" > /dev/null\nif [ $? != 0 ] ; then\n    # print error to STDERR\n    echo \"error: The sandbox is not in sync with the Podfile.lock. Run 'pod install' or update your CocoaPods installation.\" >&2\n    exit 1\nfi\n# This output is used by Xcode 'outputs' to avoid re-running this script phase.\necho \"SUCCESS\" > \"${SCRIPT_OUTPUT_FILE_0}\"\n";
			showEnvVarsInLog = 0;
		};
/* End PBXShellScriptBuildPhase section */

/* Begin PBXSourcesBuildPhase section */
		DDEB9E5026C9237600A24966 /* Sources */ = {
			isa = PBXSourcesBuildPhase;
			buildActionMask = 2147483647;
			files = (
				DDEB9E5C26C9237600A24966 /* ViewController.swift in Sources */,
				DD8FB5C326C96A4600128115 /* CommentTableViewCell.swift in Sources */,
				DD8FB5C826C9760800128115 /* Network.swift in Sources */,
				DDEB9E5826C9237600A24966 /* AppDelegate.swift in Sources */,
				DD8FB5C626C9725900128115 /* Comment.swift in Sources */,
				DDEB9E5A26C9237600A24966 /* SceneDelegate.swift in Sources */,
				DD8FB5C026C9559100128115 /* WavedProgressView.swift in Sources */,
				DDEB9E6226C9237600A24966 /* Youth_Bishopric_Radio.xcdatamodeld in Sources */,
				DD61C84426CBFBCA00FCF232 /* SSBadgeButton.swift in Sources */,
			);
			runOnlyForDeploymentPostprocessing = 0;
		};
/* End PBXSourcesBuildPhase section */

/* Begin PBXVariantGroup section */
		DDEB9E5D26C9237600A24966 /* Main.storyboard */ = {
			isa = PBXVariantGroup;
			children = (
				DDEB9E5E26C9237600A24966 /* Base */,
			);
			name = Main.storyboard;
			sourceTree = "<group>";
		};
		DDEB9E6526C9237700A24966 /* LaunchScreen.storyboard */ = {
			isa = PBXVariantGroup;
			children = (
				DDEB9E6626C9237700A24966 /* Base */,
			);
			name = LaunchScreen.storyboard;
			sourceTree = "<group>";
		};
/* End PBXVariantGroup section */

/* Begin XCBuildConfiguration section */
		DDEB9E6926C9237700A24966 /* Debug */ = {
			isa = XCBuildConfiguration;
			buildSettings = {
				ALWAYS_SEARCH_USER_PATHS = NO;
				CLANG_ANALYZER_NONNULL = YES;
				CLANG_ANALYZER_NUMBER_OBJECT_CONVERSION = YES_AGGRESSIVE;
				CLANG_CXX_LANGUAGE_STANDARD = "gnu++14";
				CLANG_CXX_LIBRARY = "libc++";
				CLANG_ENABLE_MODULES = YES;
				CLANG_ENABLE_OBJC_ARC = YES;
				CLANG_ENABLE_OBJC_WEAK = YES;
				CLANG_WARN_BLOCK_CAPTURE_AUTORELEASING = YES;
				CLANG_WARN_BOOL_CONVERSION = YES;
				CLANG_WARN_COMMA = YES;
				CLANG_WARN_CONSTANT_CONVERSION = YES;
				CLANG_WARN_DEPRECATED_OBJC_IMPLEMENTATIONS = YES;
				CLANG_WARN_DIRECT_OBJC_ISA_USAGE = YES_ERROR;
				CLANG_WARN_DOCUMENTATION_COMMENTS = YES;
				CLANG_WARN_EMPTY_BODY = YES;
				CLANG_WARN_ENUM_CONVERSION = YES;
				CLANG_WARN_INFINITE_RECURSION = YES;
				CLANG_WARN_INT_CONVERSION = YES;
				CLANG_WARN_NON_LITERAL_NULL_CONVERSION = YES;
				CLANG_WARN_OBJC_IMPLICIT_RETAIN_SELF = YES;
				CLANG_WARN_OBJC_LITERAL_CONVERSION = YES;
				CLANG_WARN_OBJC_ROOT_CLASS = YES_ERROR;
				CLANG_WARN_QUOTED_INCLUDE_IN_FRAMEWORK_HEADER = YES;
				CLANG_WARN_RANGE_LOOP_ANALYSIS = YES;
				CLANG_WARN_STRICT_PROTOTYPES = YES;
				CLANG_WARN_SUSPICIOUS_MOVE = YES;
				CLANG_WARN_UNGUARDED_AVAILABILITY = YES_AGGRESSIVE;
				CLANG_WARN_UNREACHABLE_CODE = YES;
				CLANG_WARN__DUPLICATE_METHOD_MATCH = YES;
				COPY_PHASE_STRIP = NO;
				DEBUG_INFORMATION_FORMAT = dwarf;
				ENABLE_STRICT_OBJC_MSGSEND = YES;
				ENABLE_TESTABILITY = YES;
				GCC_C_LANGUAGE_STANDARD = gnu11;
				GCC_DYNAMIC_NO_PIC = NO;
				GCC_NO_COMMON_BLOCKS = YES;
				GCC_OPTIMIZATION_LEVEL = 0;
				GCC_PREPROCESSOR_DEFINITIONS = (
					"DEBUG=1",
					"$(inherited)",
				);
				GCC_WARN_64_TO_32_BIT_CONVERSION = YES;
				GCC_WARN_ABOUT_RETURN_TYPE = YES_ERROR;
				GCC_WARN_UNDECLARED_SELECTOR = YES;
				GCC_WARN_UNINITIALIZED_AUTOS = YES_AGGRESSIVE;
				GCC_WARN_UNUSED_FUNCTION = YES;
				GCC_WARN_UNUSED_VARIABLE = YES;
				IPHONEOS_DEPLOYMENT_TARGET = 14.5;
				MTL_ENABLE_DEBUG_INFO = INCLUDE_SOURCE;
				MTL_FAST_MATH = YES;
				ONLY_ACTIVE_ARCH = YES;
				SDKROOT = iphoneos;
				SWIFT_ACTIVE_COMPILATION_CONDITIONS = DEBUG;
				SWIFT_OPTIMIZATION_LEVEL = "-Onone";
			};
			name = Debug;
		};
		DDEB9E6A26C9237700A24966 /* Release */ = {
			isa = XCBuildConfiguration;
			buildSettings = {
				ALWAYS_SEARCH_USER_PATHS = NO;
				CLANG_ANALYZER_NONNULL = YES;
				CLANG_ANALYZER_NUMBER_OBJECT_CONVERSION = YES_AGGRESSIVE;
				CLANG_CXX_LANGUAGE_STANDARD = "gnu++14";
				CLANG_CXX_LIBRARY = "libc++";
				CLANG_ENABLE_MODULES = YES;
				CLANG_ENABLE_OBJC_ARC = YES;
				CLANG_ENABLE_OBJC_WEAK = YES;
				CLANG_WARN_BLOCK_CAPTURE_AUTORELEASING = YES;
				CLANG_WARN_BOOL_CONVERSION = YES;
				CLANG_WARN_COMMA = YES;
				CLANG_WARN_CONSTANT_CONVERSION = YES;
				CLANG_WARN_DEPRECATED_OBJC_IMPLEMENTATIONS = YES;
				CLANG_WARN_DIRECT_OBJC_ISA_USAGE = YES_ERROR;
				CLANG_WARN_DOCUMENTATION_COMMENTS = YES;
				CLANG_WARN_EMPTY_BODY = YES;
				CLANG_WARN_ENUM_CONVERSION = YES;
				CLANG_WARN_INFINITE_RECURSION = YES;
				CLANG_WARN_INT_CONVERSION = YES;
				CLANG_WARN_NON_LITERAL_NULL_CONVERSION = YES;
				CLANG_WARN_OBJC_IMPLICIT_RETAIN_SELF = YES;
				CLANG_WARN_OBJC_LITERAL_CONVERSION = YES;
				CLANG_WARN_OBJC_ROOT_CLASS = YES_ERROR;
				CLANG_WARN_QUOTED_INCLUDE_IN_FRAMEWORK_HEADER = YES;
				CLANG_WARN_RANGE_LOOP_ANALYSIS = YES;
				CLANG_WARN_STRICT_PROTOTYPES = YES;
				CLANG_WARN_SUSPICIOUS_MOVE = YES;
				CLANG_WARN_UNGUARDED_AVAILABILITY = YES_AGGRESSIVE;
				CLANG_WARN_UNREACHABLE_CODE = YES;
				CLANG_WARN__DUPLICATE_METHOD_MATCH = YES;
				COPY_PHASE_STRIP = NO;
				DEBUG_INFORMATION_FORMAT = "dwarf-with-dsym";
				ENABLE_NS_ASSERTIONS = NO;
				ENABLE_STRICT_OBJC_MSGSEND = YES;
				GCC_C_LANGUAGE_STANDARD = gnu11;
				GCC_NO_COMMON_BLOCKS = YES;
				GCC_WARN_64_TO_32_BIT_CONVERSION = YES;
				GCC_WARN_ABOUT_RETURN_TYPE = YES_ERROR;
				GCC_WARN_UNDECLARED_SELECTOR = YES;
				GCC_WARN_UNINITIALIZED_AUTOS = YES_AGGRESSIVE;
				GCC_WARN_UNUSED_FUNCTION = YES;
				GCC_WARN_UNUSED_VARIABLE = YES;
				IPHONEOS_DEPLOYMENT_TARGET = 14.5;
				MTL_ENABLE_DEBUG_INFO = NO;
				MTL_FAST_MATH = YES;
				SDKROOT = iphoneos;
				SWIFT_COMPILATION_MODE = wholemodule;
				SWIFT_OPTIMIZATION_LEVEL = "-O";
				VALIDATE_PRODUCT = YES;
			};
			name = Release;
		};
		DDEB9E6C26C9237700A24966 /* Debug */ = {
			isa = XCBuildConfiguration;
			baseConfigurationReference = 34B7F421B4204F277F7C515B /* Pods-Youth Bishopric Radio.debug.xcconfig */;
			buildSettings = {
				ASSETCATALOG_COMPILER_APPICON_NAME = AppIcon;
				ASSETCATALOG_COMPILER_GLOBAL_ACCENT_COLOR_NAME = AccentColor;
				CODE_SIGN_ENTITLEMENTS = "Youth Bishopric Radio/Youth Bishopric Radio.entitlements";
				CODE_SIGN_STYLE = Automatic;
				DEVELOPMENT_TEAM = CY2AEF747B;
				INFOPLIST_FILE = "Youth Bishopric Radio/Info.plist";
				IPHONEOS_DEPLOYMENT_TARGET = 12.1;
				LD_RUNPATH_SEARCH_PATHS = (
					"$(inherited)",
					"@executable_path/Frameworks",
				);
				PRODUCT_BUNDLE_IDENTIFIER = "com.petra.Youth-Bishopric-Radio";
				PRODUCT_NAME = "$(TARGET_NAME)";
				SWIFT_VERSION = 5.0;
				TARGETED_DEVICE_FAMILY = "1,2";
			};
			name = Debug;
		};
		DDEB9E6D26C9237700A24966 /* Release */ = {
			isa = XCBuildConfiguration;
			baseConfigurationReference = 3518B6A9678F1ED06D7DD052 /* Pods-Youth Bishopric Radio.release.xcconfig */;
			buildSettings = {
				ASSETCATALOG_COMPILER_APPICON_NAME = AppIcon;
				ASSETCATALOG_COMPILER_GLOBAL_ACCENT_COLOR_NAME = AccentColor;
				CODE_SIGN_ENTITLEMENTS = "Youth Bishopric Radio/Youth Bishopric Radio.entitlements";
				CODE_SIGN_STYLE = Automatic;
				DEVELOPMENT_TEAM = CY2AEF747B;
				INFOPLIST_FILE = "Youth Bishopric Radio/Info.plist";
				IPHONEOS_DEPLOYMENT_TARGET = 12.1;
				LD_RUNPATH_SEARCH_PATHS = (
					"$(inherited)",
					"@executable_path/Frameworks",
				);
				PRODUCT_BUNDLE_IDENTIFIER = "com.petra.Youth-Bishopric-Radio";
				PRODUCT_NAME = "$(TARGET_NAME)";
				SWIFT_VERSION = 5.0;
				TARGETED_DEVICE_FAMILY = "1,2";
			};
			name = Release;
		};
/* End XCBuildConfiguration section */

/* Begin XCConfigurationList section */
		DDEB9E4F26C9237600A24966 /* Build configuration list for PBXProject "Youth Bishopric Radio" */ = {
			isa = XCConfigurationList;
			buildConfigurations = (
				DDEB9E6926C9237700A24966 /* Debug */,
				DDEB9E6A26C9237700A24966 /* Release */,
			);
			defaultConfigurationIsVisible = 0;
			defaultConfigurationName = Release;
		};
		DDEB9E6B26C9237700A24966 /* Build configuration list for PBXNativeTarget "Youth Bishopric Radio" */ = {
			isa = XCConfigurationList;
			buildConfigurations = (
				DDEB9E6C26C9237700A24966 /* Debug */,
				DDEB9E6D26C9237700A24966 /* Release */,
			);
			defaultConfigurationIsVisible = 0;
			defaultConfigurationName = Release;
		};
/* End XCConfigurationList section */

/* Begin XCVersionGroup section */
		DDEB9E6026C9237600A24966 /* Youth_Bishopric_Radio.xcdatamodeld */ = {
			isa = XCVersionGroup;
			children = (
				DDEB9E6126C9237600A24966 /* Youth_Bishopric_Radio.xcdatamodel */,
			);
			currentVersion = DDEB9E6126C9237600A24966 /* Youth_Bishopric_Radio.xcdatamodel */;
			path = Youth_Bishopric_Radio.xcdatamodeld;
			sourceTree = "<group>";
			versionGroupType = wrapper.xcdatamodel;
		};
/* End XCVersionGroup section */
	};
	rootObject = DDEB9E4C26C9237600A24966 /* Project object */;
}
