// !$*UTF8*$!
{
	archiveVersion = 1;
	classes = {
	};
	objectVersion = 50;
	objects = {

/* Begin PBXBuildFile section */
		DDEB9E5826C9237600A24966 /* AppDelegate.swift in Sources */ = {isa = PBXBuildFile; fileRef = DDEB9E5726C9237600A24966 /* AppDelegate.swift */; };
		DDEB9E5A26C9237600A24966 /* SceneDelegate.swift in Sources */ = {isa = PBXBuildFile; fileRef = DDEB9E5926C9237600A24966 /* SceneDelegate.swift */; };
		DDEB9E5C26C9237600A24966 /* ViewController.swift in Sources */ = {isa = PBXBuildFile; fileRef = DDEB9E5B26C9237600A24966 /* ViewController.swift */; };
		DDEB9E5F26C9237600A24966 /* Main.storyboard in Resources */ = {isa = PBXBuildFile; fileRef = DDEB9E5D26C9237600A24966 /* Main.storyboard */; };
		DDEB9E6226C9237600A24966 /* Youth_Bishopric_Radio.xcdatamodeld in Sources */ = {isa = PBXBuildFile; fileRef = DDEB9E6026C9237600A24966 /* Youth_Bishopric_Radio.xcdatamodeld */; };
		DDEB9E6426C9237700A24966 /* Assets.xcassets in Resources */ = {isa = PBXBuildFile; fileRef = DDEB9E6326C9237700A24966 /* Assets.xcassets */; };
		DDEB9E6726C9237700A24966 /* LaunchScreen.storyboard in Resources */ = {isa = PBXBuildFile; fileRef = DDEB9E6526C9237700A24966 /* LaunchScreen.storyboard */; };
/* End PBXBuildFile section */

/* Begin PBXFileReference section */
		DDEB9E5426C9237600A24966 /* Youth Bishopric Radio.app */ = {isa = PBXFileReference; explicitFileType = wrapper.application; includeInIndex = 0; path = "Youth Bishopric Radio.app"; sourceTree = BUILT_PRODUCTS_DIR; };
		DDEB9E5726C9237600A24966 /* AppDelegate.swift */ = {isa = PBXFileReference; lastKnownFileType = sourcecode.swift; path = AppDelegate.swift; sourceTree = "<group>"; };
		DDEB9E5926C9237600A24966 /* SceneDelegate.swift */ = {isa = PBXFileReference; lastKnownFileType = sourcecode.swift; path = SceneDelegate.swift; sourceTree = "<group>"; };
		DDEB9E5B26C9237600A24966 /* ViewController.swift */ = {isa = PBXFileReference; lastKnownFileType = sourcecode.swift; path = ViewController.swift; sourceTree = "<group>"; };
		DDEB9E5E26C9237600A24966 /* Base */ = {isa = PBXFileReference; lastKnownFileType = file.storyboard; name = Base; path = Base.lproj/Main.storyboard; sourceTree = "<group>"; };
		DDEB9E6126C9237600A24966 /* Youth_Bishopric_Radio.xcdatamodel */ = {isa = PBXFileReference; lastKnownFileType = wrapper.xcdatamodel; path = Youth_Bishopric_Radio.xcdatamodel; sourceTree = "<group>"; };
		DDEB9E6326C9237700A24966 /* Assets.xcassets */ = {isa = PBXFileReference; lastKnownFileType = folder.assetcatalog; path = Assets.xcassets; sourceTree = "<group>"; };
		DDEB9E6626C9237700A24966 /* Base */ = {isa = PBXFileReference; lastKnownFileType = file.storyboard; name = Base; path = Base.lproj/LaunchScreen.storyboard; sourceTree = "<group>"; };
		DDEB9E6826C9237700A24966 /* Info.plist */ = {isa = PBXFileReference; lastKnownFileType = text.plist.xml; path = Info.plist; sourceTree = "<group>"; };
/* End PBXFileReference section */

/* Begin PBXFrameworksBuildPhase section */
		DDEB9E5126C9237600A24966 /* Frameworks */ = {
			isa = PBXFrameworksBuildPhase;
			buildActionMask = 2147483647;
			files = (
			);
			runOnlyForDeploymentPostprocessing = 0;
		};
/* End PBXFrameworksBuildPhase section */

/* Begin PBXGroup section */
		DDEB9E4B26C9237600A24966 = {
			isa = PBXGroup;
			children = (
				DDEB9E5626C9237600A24966 /* Youth Bishopric Radio */,
				DDEB9E5526C9237600A24966 /* Products */,
			);
			sourceTree = "<group>";
		};
		DDEB9E5526C9237600A24966 /* Products */ = {
			isa = PBXGroup;
			children = (
				DDEB9E5426C9237600A24966 /* Youth Bishopric Radio.app */,
			);
			name = Products;
			sourceTree = "<group>";
		};
		DDEB9E5626C9237600A24966 /* Youth Bishopric Radio */ = {
			isa = PBXGroup;
			children = (
				DDEB9E5726C9237600A24966 /* AppDelegate.swift */,
				DDEB9E5926C9237600A24966 /* SceneDelegate.swift */,
				DDEB9E5B26C9237600A24966 /* ViewController.swift */,
				DDEB9E5D26C9237600A24966 /* Main.storyboard */,
				DDEB9E6326C9237700A24966 /* Assets.xcassets */,
				DDEB9E6526C9237700A24966 /* LaunchScreen.storyboard */,
				DDEB9E6826C9237700A24966 /* Info.plist */,
				DDEB9E6026C9237600A24966 /* Youth_Bishopric_Radio.xcdatamodeld */,
			);
			path = "Youth Bishopric Radio";
			sourceTree = "<group>";
		};
/* End PBXGroup section */

/* Begin PBXNativeTarget section */
		DDEB9E5326C9237600A24966 /* Youth Bishopric Radio */ = {
			isa = PBXNativeTarget;
			buildConfigurationList = DDEB9E6B26C9237700A24966 /* Build configuration list for PBXNativeTarget "Youth Bishopric Radio" */;
			buildPhases = (
				DDEB9E5026C9237600A24966 /* Sources */,
				DDEB9E5126C9237600A24966 /* Frameworks */,
				DDEB9E5226C9237600A24966 /* Resources */,
			);
			buildRules = (
			);
			dependencies = (
			);
			name = "Youth Bishopric Radio";
			productName = "Youth Bishopric Radio";
			productReference = DDEB9E5426C9237600A24966 /* Youth Bishopric Radio.app */;
			productType = "com.apple.product-type.application";
		};
/* End PBXNativeTarget section */

/* Begin PBXProject section */
		DDEB9E4C26C9237600A24966 /* Project object */ = {
			isa = PBXProject;
			attributes = {
				LastSwiftUpdateCheck = 1250;
				LastUpgradeCheck = 1250;
				TargetAttributes = {
					DDEB9E5326C9237600A24966 = {
						CreatedOnToolsVersion = 12.5;
					};
				};
			};
			buildConfigurationList = DDEB9E4F26C9237600A24966 /* Build configuration list for PBXProject "Youth Bishopric Radio" */;
			compatibilityVersion = "Xcode 9.3";
			developmentRegion = en;
			hasScannedForEncodings = 0;
			knownRegions = (
				en,
				Base,
			);
			mainGroup = DDEB9E4B26C9237600A24966;
			productRefGroup = DDEB9E5526C9237600A24966 /* Products */;
			projectDirPath = "";
			projectRoot = "";
			targets = (
				DDEB9E5326C9237600A24966 /* Youth Bishopric Radio */,
			);
		};
/* End PBXProject section */

/* Begin PBXResourcesBuildPhase section */
		DDEB9E5226C9237600A24966 /* Resources */ = {
			isa = PBXResourcesBuildPhase;
			buildActionMask = 2147483647;
			files = (
				DDEB9E6726C9237700A24966 /* LaunchScreen.storyboard in Resources */,
				DDEB9E6426C9237700A24966 /* Assets.xcassets in Resources */,
				DDEB9E5F26C9237600A24966 /* Main.storyboard in Resources */,
			);
			runOnlyForDeploymentPostprocessing = 0;
		};
/* End PBXResourcesBuildPhase section */

/* Begin PBXSourcesBuildPhase section */
		DDEB9E5026C9237600A24966 /* Sources */ = {
			isa = PBXSourcesBuildPhase;
			buildActionMask = 2147483647;
			files = (
				DDEB9E5C26C9237600A24966 /* ViewController.swift in Sources */,
				DDEB9E5826C9237600A24966 /* AppDelegate.swift in Sources */,
				DDEB9E5A26C9237600A24966 /* SceneDelegate.swift in Sources */,
				DDEB9E6226C9237600A24966 /* Youth_Bishopric_Radio.xcdatamodeld in Sources */,
			);
			runOnlyForDeploymentPostprocessing = 0;
		};
/* End PBXSourcesBuildPhase section */

/* Begin PBXVariantGroup section */
		DDEB9E5D26C9237600A24966 /* Main.storyboard */ = {
			isa = PBXVariantGroup;
			children = (
				DDEB9E5E26C9237600A24966 /* Base */,
			);
			name = Main.storyboard;
			sourceTree = "<group>";
		};
		DDEB9E6526C9237700A24966 /* LaunchScreen.storyboard */ = {
			isa = PBXVariantGroup;
			children = (
				DDEB9E6626C9237700A24966 /* Base */,
			);
			name = LaunchScreen.storyboard;
			sourceTree = "<group>";
		};
/* End PBXVariantGroup section */

/* Begin XCBuildConfiguration section */
		DDEB9E6926C9237700A24966 /* Debug */ = {
			isa = XCBuildConfiguration;
			buildSettings = {
				ALWAYS_SEARCH_USER_PATHS = NO;
				CLANG_ANALYZER_NONNULL = YES;
				CLANG_ANALYZER_NUMBER_OBJECT_CONVERSION = YES_AGGRESSIVE;
				CLANG_CXX_LANGUAGE_STANDARD = "gnu++14";
				CLANG_CXX_LIBRARY = "libc++";
				CLANG_ENABLE_MODULES = YES;
				CLANG_ENABLE_OBJC_ARC = YES;
				CLANG_ENABLE_OBJC_WEAK = YES;
				CLANG_WARN_BLOCK_CAPTURE_AUTORELEASING = YES;
				CLANG_WARN_BOOL_CONVERSION = YES;
				CLANG_WARN_COMMA = YES;
				CLANG_WARN_CONSTANT_CONVERSION = YES;
				CLANG_WARN_DEPRECATED_OBJC_IMPLEMENTATIONS = YES;
				CLANG_WARN_DIRECT_OBJC_ISA_USAGE = YES_ERROR;
				CLANG_WARN_DOCUMENTATION_COMMENTS = YES;
				CLANG_WARN_EMPTY_BODY = YES;
				CLANG_WARN_ENUM_CONVERSION = YES;
				CLANG_WARN_INFINITE_RECURSION = YES;
				CLANG_WARN_INT_CONVERSION = YES;
				CLANG_WARN_NON_LITERAL_NULL_CONVERSION = YES;
				CLANG_WARN_OBJC_IMPLICIT_RETAIN_SELF = YES;
				CLANG_WARN_OBJC_LITERAL_CONVERSION = YES;
				CLANG_WARN_OBJC_ROOT_CLASS = YES_ERROR;
				CLANG_WARN_QUOTED_INCLUDE_IN_FRAMEWORK_HEADER = YES;
				CLANG_WARN_RANGE_LOOP_ANALYSIS = YES;
				CLANG_WARN_STRICT_PROTOTYPES = YES;
				CLANG_WARN_SUSPICIOUS_MOVE = YES;
				CLANG_WARN_UNGUARDED_AVAILABILITY = YES_AGGRESSIVE;
				CLANG_WARN_UNREACHABLE_CODE = YES;
				CLANG_WARN__DUPLICATE_METHOD_MATCH = YES;
				COPY_PHASE_STRIP = NO;
				DEBUG_INFORMATION_FORMAT = dwarf;
				ENABLE_STRICT_OBJC_MSGSEND = YES;
				ENABLE_TESTABILITY = YES;
				GCC_C_LANGUAGE_STANDARD = gnu11;
				GCC_DYNAMIC_NO_PIC = NO;
				GCC_NO_COMMON_BLOCKS = YES;
				GCC_OPTIMIZATION_LEVEL = 0;
				GCC_PREPROCESSOR_DEFINITIONS = (
					"DEBUG=1",
					"$(inherited)",
				);
				GCC_WARN_64_TO_32_BIT_CONVERSION = YES;
				GCC_WARN_ABOUT_RETURN_TYPE = YES_ERROR;
				GCC_WARN_UNDECLARED_SELECTOR = YES;
				GCC_WARN_UNINITIALIZED_AUTOS = YES_AGGRESSIVE;
				GCC_WARN_UNUSED_FUNCTION = YES;
				GCC_WARN_UNUSED_VARIABLE = YES;
				IPHONEOS_DEPLOYMENT_TARGET = 14.5;
				MTL_ENABLE_DEBUG_INFO = INCLUDE_SOURCE;
				MTL_FAST_MATH = YES;
				ONLY_ACTIVE_ARCH = YES;
				SDKROOT = iphoneos;
				SWIFT_ACTIVE_COMPILATION_CONDITIONS = DEBUG;
				SWIFT_OPTIMIZATION_LEVEL = "-Onone";
			};
			name = Debug;
		};
		DDEB9E6A26C9237700A24966 /* Release */ = {
			isa = XCBuildConfiguration;
			buildSettings = {
				ALWAYS_SEARCH_USER_PATHS = NO;
				CLANG_ANALYZER_NONNULL = YES;
				CLANG_ANALYZER_NUMBER_OBJECT_CONVERSION = YES_AGGRESSIVE;
				CLANG_CXX_LANGUAGE_STANDARD = "gnu++14";
				CLANG_CXX_LIBRARY = "libc++";
				CLANG_ENABLE_MODULES = YES;
				CLANG_ENABLE_OBJC_ARC = YES;
				CLANG_ENABLE_OBJC_WEAK = YES;
				CLANG_WARN_BLOCK_CAPTURE_AUTORELEASING = YES;
				CLANG_WARN_BOOL_CONVERSION = YES;
				CLANG_WARN_COMMA = YES;
				CLANG_WARN_CONSTANT_CONVERSION = YES;
				CLANG_WARN_DEPRECATED_OBJC_IMPLEMENTATIONS = YES;
				CLANG_WARN_DIRECT_OBJC_ISA_USAGE = YES_ERROR;
				CLANG_WARN_DOCUMENTATION_COMMENTS = YES;
				CLANG_WARN_EMPTY_BODY = YES;
				CLANG_WARN_ENUM_CONVERSION = YES;
				CLANG_WARN_INFINITE_RECURSION = YES;
				CLANG_WARN_INT_CONVERSION = YES;
				CLANG_WARN_NON_LITERAL_NULL_CONVERSION = YES;
				CLANG_WARN_OBJC_IMPLICIT_RETAIN_SELF = YES;
				CLANG_WARN_OBJC_LITERAL_CONVERSION = YES;
				CLANG_WARN_OBJC_ROOT_CLASS = YES_ERROR;
				CLANG_WARN_QUOTED_INCLUDE_IN_FRAMEWORK_HEADER = YES;
				CLANG_WARN_RANGE_LOOP_ANALYSIS = YES;
				CLANG_WARN_STRICT_PROTOTYPES = YES;
				CLANG_WARN_SUSPICIOUS_MOVE = YES;
				CLANG_WARN_UNGUARDED_AVAILABILITY = YES_AGGRESSIVE;
				CLANG_WARN_UNREACHABLE_CODE = YES;
				CLANG_WARN__DUPLICATE_METHOD_MATCH = YES;
				COPY_PHASE_STRIP = NO;
				DEBUG_INFORMATION_FORMAT = "dwarf-with-dsym";
				ENABLE_NS_ASSERTIONS = NO;
				ENABLE_STRICT_OBJC_MSGSEND = YES;
				GCC_C_LANGUAGE_STANDARD = gnu11;
				GCC_NO_COMMON_BLOCKS = YES;
				GCC_WARN_64_TO_32_BIT_CONVERSION = YES;
				GCC_WARN_ABOUT_RETURN_TYPE = YES_ERROR;
				GCC_WARN_UNDECLARED_SELECTOR = YES;
				GCC_WARN_UNINITIALIZED_AUTOS = YES_AGGRESSIVE;
				GCC_WARN_UNUSED_FUNCTION = YES;
				GCC_WARN_UNUSED_VARIABLE = YES;
				IPHONEOS_DEPLOYMENT_TARGET = 14.5;
				MTL_ENABLE_DEBUG_INFO = NO;
				MTL_FAST_MATH = YES;
				SDKROOT = iphoneos;
				SWIFT_COMPILATION_MODE = wholemodule;
				SWIFT_OPTIMIZATION_LEVEL = "-O";
				VALIDATE_PRODUCT = YES;
			};
			name = Release;
		};
		DDEB9E6C26C9237700A24966 /* Debug */ = {
			isa = XCBuildConfiguration;
			buildSettings = {
				ASSETCATALOG_COMPILER_APPICON_NAME = AppIcon;
				ASSETCATALOG_COMPILER_GLOBAL_ACCENT_COLOR_NAME = AccentColor;
				CODE_SIGN_STYLE = Automatic;
				DEVELOPMENT_TEAM = CY2AEF747B;
				INFOPLIST_FILE = "Youth Bishopric Radio/Info.plist";
				IPHONEOS_DEPLOYMENT_TARGET = 12.1;
				LD_RUNPATH_SEARCH_PATHS = (
					"$(inherited)",
					"@executable_path/Frameworks",
				);
				PRODUCT_BUNDLE_IDENTIFIER = "com.petra.Youth-Bishopric-Radio";
				PRODUCT_NAME = "$(TARGET_NAME)";
				SWIFT_VERSION = 5.0;
				TARGETED_DEVICE_FAMILY = "1,2";
			};
			name = Debug;
		};
		DDEB9E6D26C9237700A24966 /* Release */ = {
			isa = XCBuildConfiguration;
			buildSettings = {
				ASSETCATALOG_COMPILER_APPICON_NAME = AppIcon;
				ASSETCATALOG_COMPILER_GLOBAL_ACCENT_COLOR_NAME = AccentColor;
				CODE_SIGN_STYLE = Automatic;
				DEVELOPMENT_TEAM = CY2AEF747B;
				INFOPLIST_FILE = "Youth Bishopric Radio/Info.plist";
				IPHONEOS_DEPLOYMENT_TARGET = 12.1;
				LD_RUNPATH_SEARCH_PATHS = (
					"$(inherited)",
					"@executable_path/Frameworks",
				);
				PRODUCT_BUNDLE_IDENTIFIER = "com.petra.Youth-Bishopric-Radio";
				PRODUCT_NAME = "$(TARGET_NAME)";
				SWIFT_VERSION = 5.0;
				TARGETED_DEVICE_FAMILY = "1,2";
			};
			name = Release;
		};
/* End XCBuildConfiguration section */

/* Begin XCConfigurationList section */
		DDEB9E4F26C9237600A24966 /* Build configuration list for PBXProject "Youth Bishopric Radio" */ = {
			isa = XCConfigurationList;
			buildConfigurations = (
				DDEB9E6926C9237700A24966 /* Debug */,
				DDEB9E6A26C9237700A24966 /* Release */,
			);
			defaultConfigurationIsVisible = 0;
			defaultConfigurationName = Release;
		};
		DDEB9E6B26C9237700A24966 /* Build configuration list for PBXNativeTarget "Youth Bishopric Radio" */ = {
			isa = XCConfigurationList;
			buildConfigurations = (
				DDEB9E6C26C9237700A24966 /* Debug */,
				DDEB9E6D26C9237700A24966 /* Release */,
			);
			defaultConfigurationIsVisible = 0;
			defaultConfigurationName = Release;
		};
/* End XCConfigurationList section */

/* Begin XCVersionGroup section */
		DDEB9E6026C9237600A24966 /* Youth_Bishopric_Radio.xcdatamodeld */ = {
			isa = XCVersionGroup;
			children = (
				DDEB9E6126C9237600A24966 /* Youth_Bishopric_Radio.xcdatamodel */,
			);
			currentVersion = DDEB9E6126C9237600A24966 /* Youth_Bishopric_Radio.xcdatamodel */;
			path = Youth_Bishopric_Radio.xcdatamodeld;
			sourceTree = "<group>";
			versionGroupType = wrapper.xcdatamodel;
		};
/* End XCVersionGroup section */
	};
	rootObject = DDEB9E4C26C9237600A24966 /* Project object */;
}
